
Microsoft Visual Studio Solution File, Format Version 12.00
# Visual Studio 15
VisualStudioVersion = 15.0.28307.1022
MinimumVisualStudioVersion = 10.0.40219.1
Project("{FAE04EC0-301F-11D3-BF4B-00C04F79EFBC}") = "GiamSatTrangTrai", "GiamSatTrangTrai\GiamSatTrangTrai.csproj", "{21BDA01A-1775-4416-884D-1447B9622053}"
EndProject
Project("{FAE04EC0-301F-11D3-BF4B-00C04F79EFBC}") = "ATSCADAWebApp1", "ATSCADAWebApp1\ATSCADAWebApp1.csproj", "{19DA9D4C-B828-47FF-8129-EDC381D78D50}"
EndProject
Project("{FAE04EC0-301F-11D3-BF4B-00C04F79EFBC}") = "Learn", "Learn\Learn.csproj", "{17805E06-8BAF-420C-8E29-594C6F725578}"
EndProject
Project("{FAE04EC0-301F-11D3-BF4B-00C04F79EFBC}") = "Models", "Models\Models.csproj", "{5AADF96B-3A6E-40DC-939B-5E7FAE288032}"
EndProject
Global
	GlobalSection(SolutionConfigurationPlatforms) = preSolution
		Debug|Any CPU = Debug|Any CPU
		Release|Any CPU = Release|Any CPU
	EndGlobalSection
	GlobalSection(ProjectConfigurationPlatforms) = postSolution
		{21BDA01A-1775-4416-884D-1447B9622053}.Debug|Any CPU.ActiveCfg = Debug|Any CPU
		{21BDA01A-1775-4416-884D-1447B9622053}.Debug|Any CPU.Build.0 = Debug|Any CPU
		{21BDA01A-1775-4416-884D-1447B9622053}.Release|Any CPU.ActiveCfg = Release|Any CPU
		{21BDA01A-1775-4416-884D-1447B9622053}.Release|Any CPU.Build.0 = Release|Any CPU
		{19DA9D4C-B828-47FF-8129-EDC381D78D50}.Debug|Any CPU.ActiveCfg = Debug|Any CPU
		{19DA9D4C-B828-47FF-8129-EDC381D78D50}.Debug|Any CPU.Build.0 = Debug|Any CPU
		{19DA9D4C-B828-47FF-8129-EDC381D78D50}.Release|Any CPU.ActiveCfg = Release|Any CPU
		{19DA9D4C-B828-47FF-8129-EDC381D78D50}.Release|Any CPU.Build.0 = Release|Any CPU
		{17805E06-8BAF-420C-8E29-594C6F725578}.Debug|Any CPU.ActiveCfg = Debug|Any CPU
		{17805E06-8BAF-420C-8E29-594C6F725578}.Debug|Any CPU.Build.0 = Debug|Any CPU
		{17805E06-8BAF-420C-8E29-594C6F725578}.Release|Any CPU.ActiveCfg = Release|Any CPU
		{17805E06-8BAF-420C-8E29-594C6F725578}.Release|Any CPU.Build.0 = Release|Any CPU
		{5AADF96B-3A6E-40DC-939B-5E7FAE288032}.Debug|Any CPU.ActiveCfg = Debug|Any CPU
		{5AADF96B-3A6E-40DC-939B-5E7FAE288032}.Debug|Any CPU.Build.0 = Debug|Any CPU
		{5AADF96B-3A6E-40DC-939B-5E7FAE288032}.Release|Any CPU.ActiveCfg = Release|Any CPU
		{5AADF96B-3A6E-40DC-939B-5E7FAE288032}.Release|Any CPU.Build.0 = Release|Any CPU
	EndGlobalSection
	GlobalSection(SolutionProperties) = preSolution
		HideSolutionNode = FALSE
	EndGlobalSection
	GlobalSection(ExtensibilityGlobals) = postSolution
		SolutionGuid = {81FEC016-863B-4545-885C-63D365147DBE}
	EndGlobalSection
EndGlobal
